// !$*UTF8*$!
{
	archiveVersion = 1;
	classes = {
	};
	objectVersion = 46;
	objects = {

/* Begin PBXBuildFile section */
		BA864443C438E5AE4E9F1236 /* Pods_GistTool.framework in Frameworks */ = {isa = PBXBuildFile; fileRef = 34B69EDA8CE97E0316AE9977 /* Pods_GistTool.framework */; };
		E12258181C940E850052691C /* GithubLoader.swift in Sources */ = {isa = PBXBuildFile; fileRef = E12258171C940E850052691C /* GithubLoader.swift */; };
		E122581A1C9416160052691C /* SingleServiceViewController.swift in Sources */ = {isa = PBXBuildFile; fileRef = E12258191C9416160052691C /* SingleServiceViewController.swift */; };
		E18159491C9607D1003368A2 /* GistTableCell.swift in Sources */ = {isa = PBXBuildFile; fileRef = E18159481C9607D1003368A2 /* GistTableCell.swift */; };
		E181594F1C961D12003368A2 /* Lato-Black.ttf in Resources */ = {isa = PBXBuildFile; fileRef = E181594A1C961D12003368A2 /* Lato-Black.ttf */; };
		E18159501C961D12003368A2 /* Lato-Bold.ttf in Resources */ = {isa = PBXBuildFile; fileRef = E181594B1C961D12003368A2 /* Lato-Bold.ttf */; };
		E18159511C961D12003368A2 /* Lato-Regular.ttf in Resources */ = {isa = PBXBuildFile; fileRef = E181594C1C961D12003368A2 /* Lato-Regular.ttf */; };
		E18159521C961D12003368A2 /* Lato-Hairline.ttf in Resources */ = {isa = PBXBuildFile; fileRef = E181594D1C961D12003368A2 /* Lato-Hairline.ttf */; };
		E18159531C961D12003368A2 /* Lato-Light.ttf in Resources */ = {isa = PBXBuildFile; fileRef = E181594E1C961D12003368A2 /* Lato-Light.ttf */; };
		E18159561C973918003368A2 /* GistTableRow.swift in Sources */ = {isa = PBXBuildFile; fileRef = E18159551C973918003368A2 /* GistTableRow.swift */; };
		E18159581C974941003368A2 /* fontawesome-webfont.ttf in Resources */ = {isa = PBXBuildFile; fileRef = E18159571C974941003368A2 /* fontawesome-webfont.ttf */; };
		E181595A1C974E4A003368A2 /* FontAwesomeButton.swift in Sources */ = {isa = PBXBuildFile; fileRef = E18159591C974E4A003368A2 /* FontAwesomeButton.swift */; };
		E181595D1C98873E003368A2 /* GistInfoViewController.swift in Sources */ = {isa = PBXBuildFile; fileRef = E181595C1C98873E003368A2 /* GistInfoViewController.swift */; };
		E181595F1C99EB45003368A2 /* GitHub_Logo.png in Resources */ = {isa = PBXBuildFile; fileRef = E181595E1C99EB45003368A2 /* GitHub_Logo.png */; };
		E18159611C99EC26003368A2 /* TextFieldExtension.swift in Sources */ = {isa = PBXBuildFile; fileRef = E18159601C99EC26003368A2 /* TextFieldExtension.swift */; };
		E18159641C9BE8A1003368A2 /* Gist.swift in Sources */ = {isa = PBXBuildFile; fileRef = E18159631C9BE8A1003368A2 /* Gist.swift */; };
		E18159661C9C32A6003368A2 /* GistInfoTableCell.swift in Sources */ = {isa = PBXBuildFile; fileRef = E18159651C9C32A6003368A2 /* GistInfoTableCell.swift */; };
		E19006C51C9EDEAE005CDF90 /* File.swift in Sources */ = {isa = PBXBuildFile; fileRef = E19006C41C9EDEAE005CDF90 /* File.swift */; };
		E19006C71CA3E2D9005CDF90 /* FileTextView.swift in Sources */ = {isa = PBXBuildFile; fileRef = E19006C61CA3E2D9005CDF90 /* FileTextView.swift */; };
		E1B643CF1C8F602A0060FE69 /* AppDelegate.swift in Sources */ = {isa = PBXBuildFile; fileRef = E1B643CE1C8F602A0060FE69 /* AppDelegate.swift */; };
		E1B643D11C8F602A0060FE69 /* ViewController.swift in Sources */ = {isa = PBXBuildFile; fileRef = E1B643D01C8F602A0060FE69 /* ViewController.swift */; };
		E1B643D31C8F602A0060FE69 /* Assets.xcassets in Resources */ = {isa = PBXBuildFile; fileRef = E1B643D21C8F602A0060FE69 /* Assets.xcassets */; };
		E1B643D61C8F602A0060FE69 /* Main.storyboard in Resources */ = {isa = PBXBuildFile; fileRef = E1B643D41C8F602A0060FE69 /* Main.storyboard */; };
		E1B643E11C8F602B0060FE69 /* GistToolTests.swift in Sources */ = {isa = PBXBuildFile; fileRef = E1B643E01C8F602B0060FE69 /* GistToolTests.swift */; };
		E1B643EC1C8F602B0060FE69 /* GistToolUITests.swift in Sources */ = {isa = PBXBuildFile; fileRef = E1B643EB1C8F602B0060FE69 /* GistToolUITests.swift */; };
/* End PBXBuildFile section */

/* Begin PBXContainerItemProxy section */
		E1B643DD1C8F602B0060FE69 /* PBXContainerItemProxy */ = {
			isa = PBXContainerItemProxy;
			containerPortal = E1B643C31C8F602A0060FE69 /* Project object */;
			proxyType = 1;
			remoteGlobalIDString = E1B643CA1C8F602A0060FE69;
			remoteInfo = GistTool;
		};
		E1B643E81C8F602B0060FE69 /* PBXContainerItemProxy */ = {
			isa = PBXContainerItemProxy;
			containerPortal = E1B643C31C8F602A0060FE69 /* Project object */;
			proxyType = 1;
			remoteGlobalIDString = E1B643CA1C8F602A0060FE69;
			remoteInfo = GistTool;
		};
/* End PBXContainerItemProxy section */

/* Begin PBXFileReference section */
		2B36AB162F176950034198F6 /* Pods-GistTool.debug.xcconfig */ = {isa = PBXFileReference; includeInIndex = 1; lastKnownFileType = text.xcconfig; name = "Pods-GistTool.debug.xcconfig"; path = "Pods/Target Support Files/Pods-GistTool/Pods-GistTool.debug.xcconfig"; sourceTree = "<group>"; };
		34B69EDA8CE97E0316AE9977 /* Pods_GistTool.framework */ = {isa = PBXFileReference; explicitFileType = wrapper.framework; includeInIndex = 0; path = Pods_GistTool.framework; sourceTree = BUILT_PRODUCTS_DIR; };
		4755600B6921F7855E4A0FC5 /* Pods-GistTool.release.xcconfig */ = {isa = PBXFileReference; includeInIndex = 1; lastKnownFileType = text.xcconfig; name = "Pods-GistTool.release.xcconfig"; path = "Pods/Target Support Files/Pods-GistTool/Pods-GistTool.release.xcconfig"; sourceTree = "<group>"; };
		E12258171C940E850052691C /* GithubLoader.swift */ = {isa = PBXFileReference; fileEncoding = 4; lastKnownFileType = sourcecode.swift; path = GithubLoader.swift; sourceTree = "<group>"; };
		E12258191C9416160052691C /* SingleServiceViewController.swift */ = {isa = PBXFileReference; fileEncoding = 4; lastKnownFileType = sourcecode.swift; path = SingleServiceViewController.swift; sourceTree = "<group>"; };
		E12D5A491C94AE82007B10A7 /* GistTool.entitlements */ = {isa = PBXFileReference; lastKnownFileType = text.xml; path = GistTool.entitlements; sourceTree = "<group>"; };
		E18159481C9607D1003368A2 /* GistTableCell.swift */ = {isa = PBXFileReference; fileEncoding = 4; lastKnownFileType = sourcecode.swift; path = GistTableCell.swift; sourceTree = "<group>"; };
		E181594A1C961D12003368A2 /* Lato-Black.ttf */ = {isa = PBXFileReference; lastKnownFileType = file; path = "Lato-Black.ttf"; sourceTree = "<group>"; };
		E181594B1C961D12003368A2 /* Lato-Bold.ttf */ = {isa = PBXFileReference; lastKnownFileType = file; path = "Lato-Bold.ttf"; sourceTree = "<group>"; };
		E181594C1C961D12003368A2 /* Lato-Regular.ttf */ = {isa = PBXFileReference; lastKnownFileType = file; path = "Lato-Regular.ttf"; sourceTree = "<group>"; };
		E181594D1C961D12003368A2 /* Lato-Hairline.ttf */ = {isa = PBXFileReference; lastKnownFileType = file; path = "Lato-Hairline.ttf"; sourceTree = "<group>"; };
		E181594E1C961D12003368A2 /* Lato-Light.ttf */ = {isa = PBXFileReference; lastKnownFileType = file; path = "Lato-Light.ttf"; sourceTree = "<group>"; };
		E18159551C973918003368A2 /* GistTableRow.swift */ = {isa = PBXFileReference; fileEncoding = 4; lastKnownFileType = sourcecode.swift; path = GistTableRow.swift; sourceTree = "<group>"; };
		E18159571C974941003368A2 /* fontawesome-webfont.ttf */ = {isa = PBXFileReference; lastKnownFileType = file; path = "fontawesome-webfont.ttf"; sourceTree = "<group>"; };
		E18159591C974E4A003368A2 /* FontAwesomeButton.swift */ = {isa = PBXFileReference; fileEncoding = 4; lastKnownFileType = sourcecode.swift; path = FontAwesomeButton.swift; sourceTree = "<group>"; };
		E181595C1C98873E003368A2 /* GistInfoViewController.swift */ = {isa = PBXFileReference; fileEncoding = 4; lastKnownFileType = sourcecode.swift; path = GistInfoViewController.swift; sourceTree = "<group>"; };
		E181595E1C99EB45003368A2 /* GitHub_Logo.png */ = {isa = PBXFileReference; lastKnownFileType = image.png; path = GitHub_Logo.png; sourceTree = "<group>"; };
		E18159601C99EC26003368A2 /* TextFieldExtension.swift */ = {isa = PBXFileReference; fileEncoding = 4; lastKnownFileType = sourcecode.swift; path = TextFieldExtension.swift; sourceTree = "<group>"; };
		E18159631C9BE8A1003368A2 /* Gist.swift */ = {isa = PBXFileReference; fileEncoding = 4; lastKnownFileType = sourcecode.swift; path = Gist.swift; sourceTree = "<group>"; };
		E18159651C9C32A6003368A2 /* GistInfoTableCell.swift */ = {isa = PBXFileReference; fileEncoding = 4; lastKnownFileType = sourcecode.swift; path = GistInfoTableCell.swift; sourceTree = "<group>"; };
		E19006C41C9EDEAE005CDF90 /* File.swift */ = {isa = PBXFileReference; fileEncoding = 4; lastKnownFileType = sourcecode.swift; path = File.swift; sourceTree = "<group>"; };
		E19006C61CA3E2D9005CDF90 /* FileTextView.swift */ = {isa = PBXFileReference; fileEncoding = 4; lastKnownFileType = sourcecode.swift; path = FileTextView.swift; sourceTree = "<group>"; };
		E1B643CB1C8F602A0060FE69 /* GistTool.app */ = {isa = PBXFileReference; explicitFileType = wrapper.application; includeInIndex = 0; path = GistTool.app; sourceTree = BUILT_PRODUCTS_DIR; };
		E1B643CE1C8F602A0060FE69 /* AppDelegate.swift */ = {isa = PBXFileReference; lastKnownFileType = sourcecode.swift; path = AppDelegate.swift; sourceTree = "<group>"; };
		E1B643D01C8F602A0060FE69 /* ViewController.swift */ = {isa = PBXFileReference; lastKnownFileType = sourcecode.swift; path = ViewController.swift; sourceTree = "<group>"; };
		E1B643D21C8F602A0060FE69 /* Assets.xcassets */ = {isa = PBXFileReference; lastKnownFileType = folder.assetcatalog; path = Assets.xcassets; sourceTree = "<group>"; };
		E1B643D51C8F602A0060FE69 /* Base */ = {isa = PBXFileReference; lastKnownFileType = file.storyboard; name = Base; path = Base.lproj/Main.storyboard; sourceTree = "<group>"; };
		E1B643D71C8F602A0060FE69 /* Info.plist */ = {isa = PBXFileReference; lastKnownFileType = text.plist.xml; path = Info.plist; sourceTree = "<group>"; };
		E1B643DC1C8F602B0060FE69 /* GistToolTests.xctest */ = {isa = PBXFileReference; explicitFileType = wrapper.cfbundle; includeInIndex = 0; path = GistToolTests.xctest; sourceTree = BUILT_PRODUCTS_DIR; };
		E1B643E01C8F602B0060FE69 /* GistToolTests.swift */ = {isa = PBXFileReference; lastKnownFileType = sourcecode.swift; path = GistToolTests.swift; sourceTree = "<group>"; };
		E1B643E21C8F602B0060FE69 /* Info.plist */ = {isa = PBXFileReference; lastKnownFileType = text.plist.xml; path = Info.plist; sourceTree = "<group>"; };
		E1B643E71C8F602B0060FE69 /* GistToolUITests.xctest */ = {isa = PBXFileReference; explicitFileType = wrapper.cfbundle; includeInIndex = 0; path = GistToolUITests.xctest; sourceTree = BUILT_PRODUCTS_DIR; };
		E1B643EB1C8F602B0060FE69 /* GistToolUITests.swift */ = {isa = PBXFileReference; lastKnownFileType = sourcecode.swift; path = GistToolUITests.swift; sourceTree = "<group>"; };
		E1B643ED1C8F602B0060FE69 /* Info.plist */ = {isa = PBXFileReference; lastKnownFileType = text.plist.xml; path = Info.plist; sourceTree = "<group>"; };
/* End PBXFileReference section */

/* Begin PBXFrameworksBuildPhase section */
		E1B643C81C8F602A0060FE69 /* Frameworks */ = {
			isa = PBXFrameworksBuildPhase;
			buildActionMask = 2147483647;
			files = (
				BA864443C438E5AE4E9F1236 /* Pods_GistTool.framework in Frameworks */,
			);
			runOnlyForDeploymentPostprocessing = 0;
		};
		E1B643D91C8F602B0060FE69 /* Frameworks */ = {
			isa = PBXFrameworksBuildPhase;
			buildActionMask = 2147483647;
			files = (
			);
			runOnlyForDeploymentPostprocessing = 0;
		};
		E1B643E41C8F602B0060FE69 /* Frameworks */ = {
			isa = PBXFrameworksBuildPhase;
			buildActionMask = 2147483647;
			files = (
			);
			runOnlyForDeploymentPostprocessing = 0;
		};
/* End PBXFrameworksBuildPhase section */

/* Begin PBXGroup section */
		008650DAE88BB769243FF58E /* Frameworks */ = {
			isa = PBXGroup;
			children = (
				34B69EDA8CE97E0316AE9977 /* Pods_GistTool.framework */,
			);
			name = Frameworks;
			sourceTree = "<group>";
		};
		CE3DA572D4AD640ED36074B6 /* Pods */ = {
			isa = PBXGroup;
			children = (
				2B36AB162F176950034198F6 /* Pods-GistTool.debug.xcconfig */,
				4755600B6921F7855E4A0FC5 /* Pods-GistTool.release.xcconfig */,
			);
			name = Pods;
			sourceTree = "<group>";
		};
		E18159451C95A4EF003368A2 /* gistList */ = {
			isa = PBXGroup;
			children = (
				E18159481C9607D1003368A2 /* GistTableCell.swift */,
				E18159551C973918003368A2 /* GistTableRow.swift */,
			);
			name = gistList;
			sourceTree = "<group>";
		};
		E18159541C961D2C003368A2 /* resources */ = {
			isa = PBXGroup;
			children = (
				E181595E1C99EB45003368A2 /* GitHub_Logo.png */,
				E18159571C974941003368A2 /* fontawesome-webfont.ttf */,
				E181594A1C961D12003368A2 /* Lato-Black.ttf */,
				E181594B1C961D12003368A2 /* Lato-Bold.ttf */,
				E181594C1C961D12003368A2 /* Lato-Regular.ttf */,
				E181594D1C961D12003368A2 /* Lato-Hairline.ttf */,
				E181594E1C961D12003368A2 /* Lato-Light.ttf */,
			);
			name = resources;
			sourceTree = "<group>";
		};
		E181595B1C988729003368A2 /* GistInfo */ = {
			isa = PBXGroup;
			children = (
				E181595C1C98873E003368A2 /* GistInfoViewController.swift */,
				E18159651C9C32A6003368A2 /* GistInfoTableCell.swift */,
				E19006C61CA3E2D9005CDF90 /* FileTextView.swift */,
			);
			name = GistInfo;
			sourceTree = "<group>";
		};
		E18159621C9BE736003368A2 /* Model */ = {
			isa = PBXGroup;
			children = (
				E18159631C9BE8A1003368A2 /* Gist.swift */,
				E19006C41C9EDEAE005CDF90 /* File.swift */,
			);
			name = Model;
			sourceTree = "<group>";
		};
		E1B643C21C8F602A0060FE69 = {
			isa = PBXGroup;
			children = (
				E1B643CD1C8F602A0060FE69 /* GistTool */,
				E1B643DF1C8F602B0060FE69 /* GistToolTests */,
				E1B643EA1C8F602B0060FE69 /* GistToolUITests */,
				E1B643CC1C8F602A0060FE69 /* Products */,
				CE3DA572D4AD640ED36074B6 /* Pods */,
				008650DAE88BB769243FF58E /* Frameworks */,
			);
			sourceTree = "<group>";
		};
		E1B643CC1C8F602A0060FE69 /* Products */ = {
			isa = PBXGroup;
			children = (
				E1B643CB1C8F602A0060FE69 /* GistTool.app */,
				E1B643DC1C8F602B0060FE69 /* GistToolTests.xctest */,
				E1B643E71C8F602B0060FE69 /* GistToolUITests.xctest */,
			);
			name = Products;
			sourceTree = "<group>";
		};
		E1B643CD1C8F602A0060FE69 /* GistTool */ = {
			isa = PBXGroup;
			children = (
				E18159621C9BE736003368A2 /* Model */,
				E181595B1C988729003368A2 /* GistInfo */,
				E18159541C961D2C003368A2 /* resources */,
				E18159451C95A4EF003368A2 /* gistList */,
				E12D5A491C94AE82007B10A7 /* GistTool.entitlements */,
				E1B643CE1C8F602A0060FE69 /* AppDelegate.swift */,
				E1B643D01C8F602A0060FE69 /* ViewController.swift */,
				E1B643D21C8F602A0060FE69 /* Assets.xcassets */,
				E1B643D41C8F602A0060FE69 /* Main.storyboard */,
				E12258191C9416160052691C /* SingleServiceViewController.swift */,
				E1B643D71C8F602A0060FE69 /* Info.plist */,
				E12258171C940E850052691C /* GithubLoader.swift */,
				E18159591C974E4A003368A2 /* FontAwesomeButton.swift */,
				E18159601C99EC26003368A2 /* TextFieldExtension.swift */,
			);
			path = GistTool;
			sourceTree = "<group>";
		};
		E1B643DF1C8F602B0060FE69 /* GistToolTests */ = {
			isa = PBXGroup;
			children = (
				E1B643E01C8F602B0060FE69 /* GistToolTests.swift */,
				E1B643E21C8F602B0060FE69 /* Info.plist */,
			);
			path = GistToolTests;
			sourceTree = "<group>";
		};
		E1B643EA1C8F602B0060FE69 /* GistToolUITests */ = {
			isa = PBXGroup;
			children = (
				E1B643EB1C8F602B0060FE69 /* GistToolUITests.swift */,
				E1B643ED1C8F602B0060FE69 /* Info.plist */,
			);
			path = GistToolUITests;
			sourceTree = "<group>";
		};
/* End PBXGroup section */

/* Begin PBXNativeTarget section */
		E1B643CA1C8F602A0060FE69 /* GistTool */ = {
			isa = PBXNativeTarget;
			buildConfigurationList = E1B643F01C8F602B0060FE69 /* Build configuration list for PBXNativeTarget "GistTool" */;
			buildPhases = (
				0EE74C2EFDD6EBAFFC061D73 /* Check Pods Manifest.lock */,
				E1B643C71C8F602A0060FE69 /* Sources */,
				E1B643C81C8F602A0060FE69 /* Frameworks */,
				E1B643C91C8F602A0060FE69 /* Resources */,
				96A6DD6D1598711A3B122CF6 /* Embed Pods Frameworks */,
				2B20B0C56FF618007950ACDE /* Copy Pods Resources */,
			);
			buildRules = (
			);
			dependencies = (
			);
			name = GistTool;
			productName = GistTool;
			productReference = E1B643CB1C8F602A0060FE69 /* GistTool.app */;
			productType = "com.apple.product-type.application";
		};
		E1B643DB1C8F602B0060FE69 /* GistToolTests */ = {
			isa = PBXNativeTarget;
			buildConfigurationList = E1B643F31C8F602B0060FE69 /* Build configuration list for PBXNativeTarget "GistToolTests" */;
			buildPhases = (
				E1B643D81C8F602B0060FE69 /* Sources */,
				E1B643D91C8F602B0060FE69 /* Frameworks */,
				E1B643DA1C8F602B0060FE69 /* Resources */,
			);
			buildRules = (
			);
			dependencies = (
				E1B643DE1C8F602B0060FE69 /* PBXTargetDependency */,
			);
			name = GistToolTests;
			productName = GistToolTests;
			productReference = E1B643DC1C8F602B0060FE69 /* GistToolTests.xctest */;
			productType = "com.apple.product-type.bundle.unit-test";
		};
		E1B643E61C8F602B0060FE69 /* GistToolUITests */ = {
			isa = PBXNativeTarget;
			buildConfigurationList = E1B643F61C8F602B0060FE69 /* Build configuration list for PBXNativeTarget "GistToolUITests" */;
			buildPhases = (
				E1B643E31C8F602B0060FE69 /* Sources */,
				E1B643E41C8F602B0060FE69 /* Frameworks */,
				E1B643E51C8F602B0060FE69 /* Resources */,
			);
			buildRules = (
			);
			dependencies = (
				E1B643E91C8F602B0060FE69 /* PBXTargetDependency */,
			);
			name = GistToolUITests;
			productName = GistToolUITests;
			productReference = E1B643E71C8F602B0060FE69 /* GistToolUITests.xctest */;
			productType = "com.apple.product-type.bundle.ui-testing";
		};
/* End PBXNativeTarget section */

/* Begin PBXProject section */
		E1B643C31C8F602A0060FE69 /* Project object */ = {
			isa = PBXProject;
			attributes = {
				LastSwiftUpdateCheck = 0720;
				LastUpgradeCheck = 0720;
				ORGANIZATIONNAME = Oak;
				TargetAttributes = {
					E1B643CA1C8F602A0060FE69 = {
						CreatedOnToolsVersion = 7.2.1;
						SystemCapabilities = {
							com.apple.Sandbox = {
								enabled = 1;
							};
						};
					};
					E1B643DB1C8F602B0060FE69 = {
						CreatedOnToolsVersion = 7.2.1;
						TestTargetID = E1B643CA1C8F602A0060FE69;
					};
					E1B643E61C8F602B0060FE69 = {
						CreatedOnToolsVersion = 7.2.1;
						TestTargetID = E1B643CA1C8F602A0060FE69;
					};
				};
			};
			buildConfigurationList = E1B643C61C8F602A0060FE69 /* Build configuration list for PBXProject "GistTool" */;
			compatibilityVersion = "Xcode 3.2";
			developmentRegion = English;
			hasScannedForEncodings = 0;
			knownRegions = (
				en,
				Base,
			);
			mainGroup = E1B643C21C8F602A0060FE69;
			productRefGroup = E1B643CC1C8F602A0060FE69 /* Products */;
			projectDirPath = "";
			projectRoot = "";
			targets = (
				E1B643CA1C8F602A0060FE69 /* GistTool */,
				E1B643DB1C8F602B0060FE69 /* GistToolTests */,
				E1B643E61C8F602B0060FE69 /* GistToolUITests */,
			);
		};
/* End PBXProject section */

/* Begin PBXResourcesBuildPhase section */
		E1B643C91C8F602A0060FE69 /* Resources */ = {
			isa = PBXResourcesBuildPhase;
			buildActionMask = 2147483647;
			files = (
				E1B643D31C8F602A0060FE69 /* Assets.xcassets in Resources */,
				E181595F1C99EB45003368A2 /* GitHub_Logo.png in Resources */,
				E181594F1C961D12003368A2 /* Lato-Black.ttf in Resources */,
				E18159521C961D12003368A2 /* Lato-Hairline.ttf in Resources */,
				E18159511C961D12003368A2 /* Lato-Regular.ttf in Resources */,
				E1B643D61C8F602A0060FE69 /* Main.storyboard in Resources */,
				E18159581C974941003368A2 /* fontawesome-webfont.ttf in Resources */,
				E18159501C961D12003368A2 /* Lato-Bold.ttf in Resources */,
				E18159531C961D12003368A2 /* Lato-Light.ttf in Resources */,
			);
			runOnlyForDeploymentPostprocessing = 0;
		};
		E1B643DA1C8F602B0060FE69 /* Resources */ = {
			isa = PBXResourcesBuildPhase;
			buildActionMask = 2147483647;
			files = (
			);
			runOnlyForDeploymentPostprocessing = 0;
		};
		E1B643E51C8F602B0060FE69 /* Resources */ = {
			isa = PBXResourcesBuildPhase;
			buildActionMask = 2147483647;
			files = (
			);
			runOnlyForDeploymentPostprocessing = 0;
		};
/* End PBXResourcesBuildPhase section */

/* Begin PBXShellScriptBuildPhase section */
		0EE74C2EFDD6EBAFFC061D73 /* Check Pods Manifest.lock */ = {
			isa = PBXShellScriptBuildPhase;
			buildActionMask = 2147483647;
			files = (
			);
			inputPaths = (
			);
			name = "Check Pods Manifest.lock";
			outputPaths = (
			);
			runOnlyForDeploymentPostprocessing = 0;
			shellPath = /bin/sh;
			shellScript = "diff \"${PODS_ROOT}/../Podfile.lock\" \"${PODS_ROOT}/Manifest.lock\" > /dev/null\nif [[ $? != 0 ]] ; then\n    cat << EOM\nerror: The sandbox is not in sync with the Podfile.lock. Run 'pod install' or update your CocoaPods installation.\nEOM\n    exit 1\nfi\n";
			showEnvVarsInLog = 0;
		};
		2B20B0C56FF618007950ACDE /* Copy Pods Resources */ = {
			isa = PBXShellScriptBuildPhase;
			buildActionMask = 2147483647;
			files = (
			);
			inputPaths = (
			);
			name = "Copy Pods Resources";
			outputPaths = (
			);
			runOnlyForDeploymentPostprocessing = 0;
			shellPath = /bin/sh;
			shellScript = "\"${SRCROOT}/Pods/Target Support Files/Pods-GistTool/Pods-GistTool-resources.sh\"\n";
			showEnvVarsInLog = 0;
		};
		96A6DD6D1598711A3B122CF6 /* Embed Pods Frameworks */ = {
			isa = PBXShellScriptBuildPhase;
			buildActionMask = 2147483647;
			files = (
			);
			inputPaths = (
			);
			name = "Embed Pods Frameworks";
			outputPaths = (
			);
			runOnlyForDeploymentPostprocessing = 0;
			shellPath = /bin/sh;
			shellScript = "\"${SRCROOT}/Pods/Target Support Files/Pods-GistTool/Pods-GistTool-frameworks.sh\"\n";
			showEnvVarsInLog = 0;
		};
/* End PBXShellScriptBuildPhase section */

/* Begin PBXSourcesBuildPhase section */
		E1B643C71C8F602A0060FE69 /* Sources */ = {
			isa = PBXSourcesBuildPhase;
			buildActionMask = 2147483647;
			files = (
				E19006C71CA3E2D9005CDF90 /* FileTextView.swift in Sources */,
				E18159641C9BE8A1003368A2 /* Gist.swift in Sources */,
				E19006C51C9EDEAE005CDF90 /* File.swift in Sources */,
				E18159611C99EC26003368A2 /* TextFieldExtension.swift in Sources */,
				E181595A1C974E4A003368A2 /* FontAwesomeButton.swift in Sources */,
				E181595D1C98873E003368A2 /* GistInfoViewController.swift in Sources */,
				E18159561C973918003368A2 /* GistTableRow.swift in Sources */,
				E12258181C940E850052691C /* GithubLoader.swift in Sources */,
				E1B643D11C8F602A0060FE69 /* ViewController.swift in Sources */,
				E122581A1C9416160052691C /* SingleServiceViewController.swift in Sources */,
				E18159491C9607D1003368A2 /* GistTableCell.swift in Sources */,
				E1B643CF1C8F602A0060FE69 /* AppDelegate.swift in Sources */,
				E18159661C9C32A6003368A2 /* GistInfoTableCell.swift in Sources */,
			);
			runOnlyForDeploymentPostprocessing = 0;
		};
		E1B643D81C8F602B0060FE69 /* Sources */ = {
			isa = PBXSourcesBuildPhase;
			buildActionMask = 2147483647;
			files = (
				E1B643E11C8F602B0060FE69 /* GistToolTests.swift in Sources */,
			);
			runOnlyForDeploymentPostprocessing = 0;
		};
		E1B643E31C8F602B0060FE69 /* Sources */ = {
			isa = PBXSourcesBuildPhase;
			buildActionMask = 2147483647;
			files = (
				E1B643EC1C8F602B0060FE69 /* GistToolUITests.swift in Sources */,
			);
			runOnlyForDeploymentPostprocessing = 0;
		};
/* End PBXSourcesBuildPhase section */

/* Begin PBXTargetDependency section */
		E1B643DE1C8F602B0060FE69 /* PBXTargetDependency */ = {
			isa = PBXTargetDependency;
			target = E1B643CA1C8F602A0060FE69 /* GistTool */;
			targetProxy = E1B643DD1C8F602B0060FE69 /* PBXContainerItemProxy */;
		};
		E1B643E91C8F602B0060FE69 /* PBXTargetDependency */ = {
			isa = PBXTargetDependency;
			target = E1B643CA1C8F602A0060FE69 /* GistTool */;
			targetProxy = E1B643E81C8F602B0060FE69 /* PBXContainerItemProxy */;
		};
/* End PBXTargetDependency section */

/* Begin PBXVariantGroup section */
		E1B643D41C8F602A0060FE69 /* Main.storyboard */ = {
			isa = PBXVariantGroup;
			children = (
				E1B643D51C8F602A0060FE69 /* Base */,
			);
			name = Main.storyboard;
			sourceTree = "<group>";
		};
/* End PBXVariantGroup section */

/* Begin XCBuildConfiguration section */
		E1B643EE1C8F602B0060FE69 /* Debug */ = {
			isa = XCBuildConfiguration;
			buildSettings = {
				ALWAYS_SEARCH_USER_PATHS = NO;
				CLANG_CXX_LANGUAGE_STANDARD = "gnu++0x";
				CLANG_CXX_LIBRARY = "libc++";
				CLANG_ENABLE_MODULES = YES;
				CLANG_ENABLE_OBJC_ARC = YES;
				CLANG_WARN_BOOL_CONVERSION = YES;
				CLANG_WARN_CONSTANT_CONVERSION = YES;
				CLANG_WARN_DIRECT_OBJC_ISA_USAGE = YES_ERROR;
				CLANG_WARN_EMPTY_BODY = YES;
				CLANG_WARN_ENUM_CONVERSION = YES;
				CLANG_WARN_INT_CONVERSION = YES;
				CLANG_WARN_OBJC_ROOT_CLASS = YES_ERROR;
				CLANG_WARN_UNREACHABLE_CODE = YES;
				CLANG_WARN__DUPLICATE_METHOD_MATCH = YES;
				CODE_SIGN_IDENTITY = "-";
				COPY_PHASE_STRIP = NO;
				DEBUG_INFORMATION_FORMAT = dwarf;
				ENABLE_STRICT_OBJC_MSGSEND = YES;
				ENABLE_TESTABILITY = YES;
				GCC_C_LANGUAGE_STANDARD = gnu99;
				GCC_DYNAMIC_NO_PIC = NO;
				GCC_NO_COMMON_BLOCKS = YES;
				GCC_OPTIMIZATION_LEVEL = 0;
				GCC_PREPROCESSOR_DEFINITIONS = (
					"DEBUG=1",
					"$(inherited)",
				);
				GCC_WARN_64_TO_32_BIT_CONVERSION = YES;
				GCC_WARN_ABOUT_RETURN_TYPE = YES_ERROR;
				GCC_WARN_UNDECLARED_SELECTOR = YES;
				GCC_WARN_UNINITIALIZED_AUTOS = YES_AGGRESSIVE;
				GCC_WARN_UNUSED_FUNCTION = YES;
				GCC_WARN_UNUSED_VARIABLE = YES;
				MACOSX_DEPLOYMENT_TARGET = 10.11;
				MTL_ENABLE_DEBUG_INFO = YES;
				ONLY_ACTIVE_ARCH = YES;
				SDKROOT = macosx;
				SWIFT_OPTIMIZATION_LEVEL = "-Onone";
			};
			name = Debug;
		};
		E1B643EF1C8F602B0060FE69 /* Release */ = {
			isa = XCBuildConfiguration;
			buildSettings = {
				ALWAYS_SEARCH_USER_PATHS = NO;
				CLANG_CXX_LANGUAGE_STANDARD = "gnu++0x";
				CLANG_CXX_LIBRARY = "libc++";
				CLANG_ENABLE_MODULES = YES;
				CLANG_ENABLE_OBJC_ARC = YES;
				CLANG_WARN_BOOL_CONVERSION = YES;
				CLANG_WARN_CONSTANT_CONVERSION = YES;
				CLANG_WARN_DIRECT_OBJC_ISA_USAGE = YES_ERROR;
				CLANG_WARN_EMPTY_BODY = YES;
				CLANG_WARN_ENUM_CONVERSION = YES;
				CLANG_WARN_INT_CONVERSION = YES;
				CLANG_WARN_OBJC_ROOT_CLASS = YES_ERROR;
				CLANG_WARN_UNREACHABLE_CODE = YES;
				CLANG_WARN__DUPLICATE_METHOD_MATCH = YES;
				CODE_SIGN_IDENTITY = "-";
				COPY_PHASE_STRIP = NO;
				DEBUG_INFORMATION_FORMAT = "dwarf-with-dsym";
				ENABLE_NS_ASSERTIONS = NO;
				ENABLE_STRICT_OBJC_MSGSEND = YES;
				GCC_C_LANGUAGE_STANDARD = gnu99;
				GCC_NO_COMMON_BLOCKS = YES;
				GCC_WARN_64_TO_32_BIT_CONVERSION = YES;
				GCC_WARN_ABOUT_RETURN_TYPE = YES_ERROR;
				GCC_WARN_UNDECLARED_SELECTOR = YES;
				GCC_WARN_UNINITIALIZED_AUTOS = YES_AGGRESSIVE;
				GCC_WARN_UNUSED_FUNCTION = YES;
				GCC_WARN_UNUSED_VARIABLE = YES;
				MACOSX_DEPLOYMENT_TARGET = 10.11;
				MTL_ENABLE_DEBUG_INFO = NO;
				SDKROOT = macosx;
			};
			name = Release;
		};
		E1B643F11C8F602B0060FE69 /* Debug */ = {
			isa = XCBuildConfiguration;
			baseConfigurationReference = 2B36AB162F176950034198F6 /* Pods-GistTool.debug.xcconfig */;
			buildSettings = {
				ASSETCATALOG_COMPILER_APPICON_NAME = AppIcon;
				CODE_SIGN_ENTITLEMENTS = GistTool/GistTool.entitlements;
				CODE_SIGN_IDENTITY = "-";
				COMBINE_HIDPI_IMAGES = YES;
				INFOPLIST_FILE = GistTool/Info.plist;
				LD_RUNPATH_SEARCH_PATHS = "$(inherited) @executable_path/../Frameworks";
				PRODUCT_BUNDLE_IDENTIFIER = Oak.GistTool;
				PRODUCT_NAME = "$(TARGET_NAME)";
			};
			name = Debug;
		};
		E1B643F21C8F602B0060FE69 /* Release */ = {
			isa = XCBuildConfiguration;
			baseConfigurationReference = 4755600B6921F7855E4A0FC5 /* Pods-GistTool.release.xcconfig */;
			buildSettings = {
				ASSETCATALOG_COMPILER_APPICON_NAME = AppIcon;
				CODE_SIGN_ENTITLEMENTS = GistTool/GistTool.entitlements;
				CODE_SIGN_IDENTITY = "-";
				COMBINE_HIDPI_IMAGES = YES;
				INFOPLIST_FILE = GistTool/Info.plist;
				LD_RUNPATH_SEARCH_PATHS = "$(inherited) @executable_path/../Frameworks";
				PRODUCT_BUNDLE_IDENTIFIER = Oak.GistTool;
				PRODUCT_NAME = "$(TARGET_NAME)";
			};
			name = Release;
		};
		E1B643F41C8F602B0060FE69 /* Debug */ = {
			isa = XCBuildConfiguration;
			buildSettings = {
				BUNDLE_LOADER = "$(TEST_HOST)";
				COMBINE_HIDPI_IMAGES = YES;
				INFOPLIST_FILE = GistToolTests/Info.plist;
				LD_RUNPATH_SEARCH_PATHS = "$(inherited) @executable_path/../Frameworks @loader_path/../Frameworks";
				PRODUCT_BUNDLE_IDENTIFIER = Oak.GistToolTests;
				PRODUCT_NAME = "$(TARGET_NAME)";
				TEST_HOST = "$(BUILT_PRODUCTS_DIR)/GistTool.app/Contents/MacOS/GistTool";
			};
			name = Debug;
		};
		E1B643F51C8F602B0060FE69 /* Release */ = {
			isa = XCBuildConfiguration;
			buildSettings = {
				BUNDLE_LOADER = "$(TEST_HOST)";
				COMBINE_HIDPI_IMAGES = YES;
				INFOPLIST_FILE = GistToolTests/Info.plist;
				LD_RUNPATH_SEARCH_PATHS = "$(inherited) @executable_path/../Frameworks @loader_path/../Frameworks";
				PRODUCT_BUNDLE_IDENTIFIER = Oak.GistToolTests;
				PRODUCT_NAME = "$(TARGET_NAME)";
				TEST_HOST = "$(BUILT_PRODUCTS_DIR)/GistTool.app/Contents/MacOS/GistTool";
			};
			name = Release;
		};
		E1B643F71C8F602B0060FE69 /* Debug */ = {
			isa = XCBuildConfiguration;
			buildSettings = {
				COMBINE_HIDPI_IMAGES = YES;
				INFOPLIST_FILE = GistToolUITests/Info.plist;
				LD_RUNPATH_SEARCH_PATHS = "$(inherited) @executable_path/../Frameworks @loader_path/../Frameworks";
				PRODUCT_BUNDLE_IDENTIFIER = Oak.GistToolUITests;
				PRODUCT_NAME = "$(TARGET_NAME)";
				TEST_TARGET_NAME = GistTool;
				USES_XCTRUNNER = YES;
			};
			name = Debug;
		};
		E1B643F81C8F602B0060FE69 /* Release */ = {
			isa = XCBuildConfiguration;
			buildSettings = {
				COMBINE_HIDPI_IMAGES = YES;
				INFOPLIST_FILE = GistToolUITests/Info.plist;
				LD_RUNPATH_SEARCH_PATHS = "$(inherited) @executable_path/../Frameworks @loader_path/../Frameworks";
				PRODUCT_BUNDLE_IDENTIFIER = Oak.GistToolUITests;
				PRODUCT_NAME = "$(TARGET_NAME)";
				TEST_TARGET_NAME = GistTool;
				USES_XCTRUNNER = YES;
			};
			name = Release;
		};
/* End XCBuildConfiguration section */

/* Begin XCConfigurationList section */
		E1B643C61C8F602A0060FE69 /* Build configuration list for PBXProject "GistTool" */ = {
			isa = XCConfigurationList;
			buildConfigurations = (
				E1B643EE1C8F602B0060FE69 /* Debug */,
				E1B643EF1C8F602B0060FE69 /* Release */,
			);
			defaultConfigurationIsVisible = 0;
			defaultConfigurationName = Release;
		};
		E1B643F01C8F602B0060FE69 /* Build configuration list for PBXNativeTarget "GistTool" */ = {
			isa = XCConfigurationList;
			buildConfigurations = (
				E1B643F11C8F602B0060FE69 /* Debug */,
				E1B643F21C8F602B0060FE69 /* Release */,
			);
			defaultConfigurationIsVisible = 0;
			defaultConfigurationName = Release;
		};
		E1B643F31C8F602B0060FE69 /* Build configuration list for PBXNativeTarget "GistToolTests" */ = {
			isa = XCConfigurationList;
			buildConfigurations = (
				E1B643F41C8F602B0060FE69 /* Debug */,
				E1B643F51C8F602B0060FE69 /* Release */,
			);
			defaultConfigurationIsVisible = 0;
			defaultConfigurationName = Release;
		};
		E1B643F61C8F602B0060FE69 /* Build configuration list for PBXNativeTarget "GistToolUITests" */ = {
			isa = XCConfigurationList;
			buildConfigurations = (
				E1B643F71C8F602B0060FE69 /* Debug */,
				E1B643F81C8F602B0060FE69 /* Release */,
			);
			defaultConfigurationIsVisible = 0;
			defaultConfigurationName = Release;
		};
/* End XCConfigurationList section */
	};
	rootObject = E1B643C31C8F602A0060FE69 /* Project object */;
}
